// !$*UTF8*$!
{
	archiveVersion = 1;
	classes = {
	};
	objectVersion = 56;
	objects = {

/* Begin PBXBuildFile section */
		45CBD6382A53A9F500715539 /* PlankTimerApp.swift in Sources */ = {isa = PBXBuildFile; fileRef = 45CBD6372A53A9F500715539 /* PlankTimerApp.swift */; };
		45CBD63A2A53A9F500715539 /* ContentView.swift in Sources */ = {isa = PBXBuildFile; fileRef = 45CBD6392A53A9F500715539 /* ContentView.swift */; };
		45CBD63C2A53A9F700715539 /* Assets.xcassets in Resources */ = {isa = PBXBuildFile; fileRef = 45CBD63B2A53A9F700715539 /* Assets.xcassets */; };
		45CBD63F2A53A9F700715539 /* Preview Assets.xcassets in Resources */ = {isa = PBXBuildFile; fileRef = 45CBD63E2A53A9F700715539 /* Preview Assets.xcassets */; };
		45CBD6492A53A9F700715539 /* PlankTimerTests.swift in Sources */ = {isa = PBXBuildFile; fileRef = 45CBD6482A53A9F700715539 /* PlankTimerTests.swift */; };
		45CBD6532A53A9F700715539 /* PlankTimerUITests.swift in Sources */ = {isa = PBXBuildFile; fileRef = 45CBD6522A53A9F700715539 /* PlankTimerUITests.swift */; };
		45CBD6552A53A9F700715539 /* PlankTimerUITestsLaunchTests.swift in Sources */ = {isa = PBXBuildFile; fileRef = 45CBD6542A53A9F700715539 /* PlankTimerUITestsLaunchTests.swift */; };
/* End PBXBuildFile section */

/* Begin PBXContainerItemProxy section */
		45CBD6452A53A9F700715539 /* PBXContainerItemProxy */ = {
			isa = PBXContainerItemProxy;
			containerPortal = 45CBD62C2A53A9F500715539 /* Project object */;
			proxyType = 1;
			remoteGlobalIDString = 45CBD6332A53A9F500715539;
			remoteInfo = PlankTimer;
		};
		45CBD64F2A53A9F700715539 /* PBXContainerItemProxy */ = {
			isa = PBXContainerItemProxy;
			containerPortal = 45CBD62C2A53A9F500715539 /* Project object */;
			proxyType = 1;
			remoteGlobalIDString = 45CBD6332A53A9F500715539;
			remoteInfo = PlankTimer;
		};
/* End PBXContainerItemProxy section */

/* Begin PBXFileReference section */
		45CBD6342A53A9F500715539 /* PlankTimer.app */ = {isa = PBXFileReference; explicitFileType = wrapper.application; includeInIndex = 0; path = PlankTimer.app; sourceTree = BUILT_PRODUCTS_DIR; };
		45CBD6372A53A9F500715539 /* PlankTimerApp.swift */ = {isa = PBXFileReference; lastKnownFileType = sourcecode.swift; path = PlankTimerApp.swift; sourceTree = "<group>"; };
		45CBD6392A53A9F500715539 /* ContentView.swift */ = {isa = PBXFileReference; lastKnownFileType = sourcecode.swift; path = ContentView.swift; sourceTree = "<group>"; };
		45CBD63B2A53A9F700715539 /* Assets.xcassets */ = {isa = PBXFileReference; lastKnownFileType = folder.assetcatalog; path = Assets.xcassets; sourceTree = "<group>"; };
		45CBD63E2A53A9F700715539 /* Preview Assets.xcassets */ = {isa = PBXFileReference; lastKnownFileType = folder.assetcatalog; path = "Preview Assets.xcassets"; sourceTree = "<group>"; };
		45CBD6442A53A9F700715539 /* PlankTimerTests.xctest */ = {isa = PBXFileReference; explicitFileType = wrapper.cfbundle; includeInIndex = 0; path = PlankTimerTests.xctest; sourceTree = BUILT_PRODUCTS_DIR; };
		45CBD6482A53A9F700715539 /* PlankTimerTests.swift */ = {isa = PBXFileReference; lastKnownFileType = sourcecode.swift; path = PlankTimerTests.swift; sourceTree = "<group>"; };
		45CBD64E2A53A9F700715539 /* PlankTimerUITests.xctest */ = {isa = PBXFileReference; explicitFileType = wrapper.cfbundle; includeInIndex = 0; path = PlankTimerUITests.xctest; sourceTree = BUILT_PRODUCTS_DIR; };
		45CBD6522A53A9F700715539 /* PlankTimerUITests.swift */ = {isa = PBXFileReference; lastKnownFileType = sourcecode.swift; path = PlankTimerUITests.swift; sourceTree = "<group>"; };
		45CBD6542A53A9F700715539 /* PlankTimerUITestsLaunchTests.swift */ = {isa = PBXFileReference; lastKnownFileType = sourcecode.swift; path = PlankTimerUITestsLaunchTests.swift; sourceTree = "<group>"; };
/* End PBXFileReference section */

/* Begin PBXFrameworksBuildPhase section */
		45CBD6312A53A9F500715539 /* Frameworks */ = {
			isa = PBXFrameworksBuildPhase;
			buildActionMask = 2147483647;
			files = (
			);
			runOnlyForDeploymentPostprocessing = 0;
		};
		45CBD6412A53A9F700715539 /* Frameworks */ = {
			isa = PBXFrameworksBuildPhase;
			buildActionMask = 2147483647;
			files = (
			);
			runOnlyForDeploymentPostprocessing = 0;
		};
		45CBD64B2A53A9F700715539 /* Frameworks */ = {
			isa = PBXFrameworksBuildPhase;
			buildActionMask = 2147483647;
			files = (
			);
			runOnlyForDeploymentPostprocessing = 0;
		};
/* End PBXFrameworksBuildPhase section */

/* Begin PBXGroup section */
		45CBD62B2A53A9F500715539 = {
			isa = PBXGroup;
			children = (
				45CBD6362A53A9F500715539 /* PlankTimer */,
				45CBD6472A53A9F700715539 /* PlankTimerTests */,
				45CBD6512A53A9F700715539 /* PlankTimerUITests */,
				45CBD6352A53A9F500715539 /* Products */,
			);
			sourceTree = "<group>";
		};
		45CBD6352A53A9F500715539 /* Products */ = {
			isa = PBXGroup;
			children = (
				45CBD6342A53A9F500715539 /* PlankTimer.app */,
				45CBD6442A53A9F700715539 /* PlankTimerTests.xctest */,
				45CBD64E2A53A9F700715539 /* PlankTimerUITests.xctest */,
			);
			name = Products;
			sourceTree = "<group>";
		};
		45CBD6362A53A9F500715539 /* PlankTimer */ = {
			isa = PBXGroup;
			children = (
				45CBD6372A53A9F500715539 /* PlankTimerApp.swift */,
				45CBD6392A53A9F500715539 /* ContentView.swift */,
				45CBD63B2A53A9F700715539 /* Assets.xcassets */,
				45CBD63D2A53A9F700715539 /* Preview Content */,
			);
			path = PlankTimer;
			sourceTree = "<group>";
		};
		45CBD63D2A53A9F700715539 /* Preview Content */ = {
			isa = PBXGroup;
			children = (
				45CBD63E2A53A9F700715539 /* Preview Assets.xcassets */,
			);
			path = "Preview Content";
			sourceTree = "<group>";
		};
		45CBD6472A53A9F700715539 /* PlankTimerTests */ = {
			isa = PBXGroup;
			children = (
				45CBD6482A53A9F700715539 /* PlankTimerTests.swift */,
			);
			path = PlankTimerTests;
			sourceTree = "<group>";
		};
		45CBD6512A53A9F700715539 /* PlankTimerUITests */ = {
			isa = PBXGroup;
			children = (
				45CBD6522A53A9F700715539 /* PlankTimerUITests.swift */,
				45CBD6542A53A9F700715539 /* PlankTimerUITestsLaunchTests.swift */,
			);
			path = PlankTimerUITests;
			sourceTree = "<group>";
		};
/* End PBXGroup section */

/* Begin PBXNativeTarget section */
		45CBD6332A53A9F500715539 /* PlankTimer */ = {
			isa = PBXNativeTarget;
			buildConfigurationList = 45CBD6582A53A9F700715539 /* Build configuration list for PBXNativeTarget "PlankTimer" */;
			buildPhases = (
				45CBD6302A53A9F500715539 /* Sources */,
				45CBD6312A53A9F500715539 /* Frameworks */,
				45CBD6322A53A9F500715539 /* Resources */,
			);
			buildRules = (
			);
			dependencies = (
			);
			name = PlankTimer;
			productName = PlankTimer;
			productReference = 45CBD6342A53A9F500715539 /* PlankTimer.app */;
			productType = "com.apple.product-type.application";
		};
		45CBD6432A53A9F700715539 /* PlankTimerTests */ = {
			isa = PBXNativeTarget;
			buildConfigurationList = 45CBD65B2A53A9F700715539 /* Build configuration list for PBXNativeTarget "PlankTimerTests" */;
			buildPhases = (
				45CBD6402A53A9F700715539 /* Sources */,
				45CBD6412A53A9F700715539 /* Frameworks */,
				45CBD6422A53A9F700715539 /* Resources */,
			);
			buildRules = (
			);
			dependencies = (
				45CBD6462A53A9F700715539 /* PBXTargetDependency */,
			);
			name = PlankTimerTests;
			productName = PlankTimerTests;
			productReference = 45CBD6442A53A9F700715539 /* PlankTimerTests.xctest */;
			productType = "com.apple.product-type.bundle.unit-test";
		};
		45CBD64D2A53A9F700715539 /* PlankTimerUITests */ = {
			isa = PBXNativeTarget;
			buildConfigurationList = 45CBD65E2A53A9F700715539 /* Build configuration list for PBXNativeTarget "PlankTimerUITests" */;
			buildPhases = (
				45CBD64A2A53A9F700715539 /* Sources */,
				45CBD64B2A53A9F700715539 /* Frameworks */,
				45CBD64C2A53A9F700715539 /* Resources */,
			);
			buildRules = (
			);
			dependencies = (
				45CBD6502A53A9F700715539 /* PBXTargetDependency */,
			);
			name = PlankTimerUITests;
			productName = PlankTimerUITests;
			productReference = 45CBD64E2A53A9F700715539 /* PlankTimerUITests.xctest */;
			productType = "com.apple.product-type.bundle.ui-testing";
		};
/* End PBXNativeTarget section */

/* Begin PBXProject section */
		45CBD62C2A53A9F500715539 /* Project object */ = {
			isa = PBXProject;
			attributes = {
				BuildIndependentTargetsInParallel = 1;
				LastSwiftUpdateCheck = 1430;
				LastUpgradeCheck = 1430;
				TargetAttributes = {
					45CBD6332A53A9F500715539 = {
						CreatedOnToolsVersion = 14.3.1;
					};
					45CBD6432A53A9F700715539 = {
						CreatedOnToolsVersion = 14.3.1;
						TestTargetID = 45CBD6332A53A9F500715539;
					};
					45CBD64D2A53A9F700715539 = {
						CreatedOnToolsVersion = 14.3.1;
						TestTargetID = 45CBD6332A53A9F500715539;
					};
				};
			};
			buildConfigurationList = 45CBD62F2A53A9F500715539 /* Build configuration list for PBXProject "PlankTimer" */;
			compatibilityVersion = "Xcode 14.0";
			developmentRegion = en;
			hasScannedForEncodings = 0;
			knownRegions = (
				en,
				Base,
			);
			mainGroup = 45CBD62B2A53A9F500715539;
			productRefGroup = 45CBD6352A53A9F500715539 /* Products */;
			projectDirPath = "";
			projectRoot = "";
			targets = (
				45CBD6332A53A9F500715539 /* PlankTimer */,
				45CBD6432A53A9F700715539 /* PlankTimerTests */,
				45CBD64D2A53A9F700715539 /* PlankTimerUITests */,
			);
		};
/* End PBXProject section */

/* Begin PBXResourcesBuildPhase section */
		45CBD6322A53A9F500715539 /* Resources */ = {
			isa = PBXResourcesBuildPhase;
			buildActionMask = 2147483647;
			files = (
				45CBD63F2A53A9F700715539 /* Preview Assets.xcassets in Resources */,
				45CBD63C2A53A9F700715539 /* Assets.xcassets in Resources */,
			);
			runOnlyForDeploymentPostprocessing = 0;
		};
		45CBD6422A53A9F700715539 /* Resources */ = {
			isa = PBXResourcesBuildPhase;
			buildActionMask = 2147483647;
			files = (
			);
			runOnlyForDeploymentPostprocessing = 0;
		};
		45CBD64C2A53A9F700715539 /* Resources */ = {
			isa = PBXResourcesBuildPhase;
			buildActionMask = 2147483647;
			files = (
			);
			runOnlyForDeploymentPostprocessing = 0;
		};
/* End PBXResourcesBuildPhase section */

/* Begin PBXSourcesBuildPhase section */
		45CBD6302A53A9F500715539 /* Sources */ = {
			isa = PBXSourcesBuildPhase;
			buildActionMask = 2147483647;
			files = (
				45CBD63A2A53A9F500715539 /* ContentView.swift in Sources */,
				45CBD6382A53A9F500715539 /* PlankTimerApp.swift in Sources */,
			);
			runOnlyForDeploymentPostprocessing = 0;
		};
		45CBD6402A53A9F700715539 /* Sources */ = {
			isa = PBXSourcesBuildPhase;
			buildActionMask = 2147483647;
			files = (
				45CBD6492A53A9F700715539 /* PlankTimerTests.swift in Sources */,
			);
			runOnlyForDeploymentPostprocessing = 0;
		};
		45CBD64A2A53A9F700715539 /* Sources */ = {
			isa = PBXSourcesBuildPhase;
			buildActionMask = 2147483647;
			files = (
				45CBD6532A53A9F700715539 /* PlankTimerUITests.swift in Sources */,
				45CBD6552A53A9F700715539 /* PlankTimerUITestsLaunchTests.swift in Sources */,
			);
			runOnlyForDeploymentPostprocessing = 0;
		};
/* End PBXSourcesBuildPhase section */

/* Begin PBXTargetDependency section */
		45CBD6462A53A9F700715539 /* PBXTargetDependency */ = {
			isa = PBXTargetDependency;
			target = 45CBD6332A53A9F500715539 /* PlankTimer */;
			targetProxy = 45CBD6452A53A9F700715539 /* PBXContainerItemProxy */;
		};
		45CBD6502A53A9F700715539 /* PBXTargetDependency */ = {
			isa = PBXTargetDependency;
			target = 45CBD6332A53A9F500715539 /* PlankTimer */;
			targetProxy = 45CBD64F2A53A9F700715539 /* PBXContainerItemProxy */;
		};
/* End PBXTargetDependency section */

/* Begin XCBuildConfiguration section */
		45CBD6562A53A9F700715539 /* Debug */ = {
			isa = XCBuildConfiguration;
			buildSettings = {
				ALWAYS_SEARCH_USER_PATHS = NO;
				CLANG_ANALYZER_NONNULL = YES;
				CLANG_ANALYZER_NUMBER_OBJECT_CONVERSION = YES_AGGRESSIVE;
				CLANG_CXX_LANGUAGE_STANDARD = "gnu++20";
				CLANG_ENABLE_MODULES = YES;
				CLANG_ENABLE_OBJC_ARC = YES;
				CLANG_ENABLE_OBJC_WEAK = YES;
				CLANG_WARN_BLOCK_CAPTURE_AUTORELEASING = YES;
				CLANG_WARN_BOOL_CONVERSION = YES;
				CLANG_WARN_COMMA = YES;
				CLANG_WARN_CONSTANT_CONVERSION = YES;
				CLANG_WARN_DEPRECATED_OBJC_IMPLEMENTATIONS = YES;
				CLANG_WARN_DIRECT_OBJC_ISA_USAGE = YES_ERROR;
				CLANG_WARN_DOCUMENTATION_COMMENTS = YES;
				CLANG_WARN_EMPTY_BODY = YES;
				CLANG_WARN_ENUM_CONVERSION = YES;
				CLANG_WARN_INFINITE_RECURSION = YES;
				CLANG_WARN_INT_CONVERSION = YES;
				CLANG_WARN_NON_LITERAL_NULL_CONVERSION = YES;
				CLANG_WARN_OBJC_IMPLICIT_RETAIN_SELF = YES;
				CLANG_WARN_OBJC_LITERAL_CONVERSION = YES;
				CLANG_WARN_OBJC_ROOT_CLASS = YES_ERROR;
				CLANG_WARN_QUOTED_INCLUDE_IN_FRAMEWORK_HEADER = YES;
				CLANG_WARN_RANGE_LOOP_ANALYSIS = YES;
				CLANG_WARN_STRICT_PROTOTYPES = YES;
				CLANG_WARN_SUSPICIOUS_MOVE = YES;
				CLANG_WARN_UNGUARDED_AVAILABILITY = YES_AGGRESSIVE;
				CLANG_WARN_UNREACHABLE_CODE = YES;
				CLANG_WARN__DUPLICATE_METHOD_MATCH = YES;
				COPY_PHASE_STRIP = NO;
				DEBUG_INFORMATION_FORMAT = dwarf;
				ENABLE_STRICT_OBJC_MSGSEND = YES;
				ENABLE_TESTABILITY = YES;
				GCC_C_LANGUAGE_STANDARD = gnu11;
				GCC_DYNAMIC_NO_PIC = NO;
				GCC_NO_COMMON_BLOCKS = YES;
				GCC_OPTIMIZATION_LEVEL = 0;
				GCC_PREPROCESSOR_DEFINITIONS = (
					"DEBUG=1",
					"$(inherited)",
				);
				GCC_WARN_64_TO_32_BIT_CONVERSION = YES;
				GCC_WARN_ABOUT_RETURN_TYPE = YES_ERROR;
				GCC_WARN_UNDECLARED_SELECTOR = YES;
				GCC_WARN_UNINITIALIZED_AUTOS = YES_AGGRESSIVE;
				GCC_WARN_UNUSED_FUNCTION = YES;
				GCC_WARN_UNUSED_VARIABLE = YES;
				IPHONEOS_DEPLOYMENT_TARGET = 16.4;
				MTL_ENABLE_DEBUG_INFO = INCLUDE_SOURCE;
				MTL_FAST_MATH = YES;
				ONLY_ACTIVE_ARCH = YES;
				SDKROOT = iphoneos;
				SWIFT_ACTIVE_COMPILATION_CONDITIONS = DEBUG;
				SWIFT_OPTIMIZATION_LEVEL = "-Onone";
			};
			name = Debug;
		};
		45CBD6572A53A9F700715539 /* Release */ = {
			isa = XCBuildConfiguration;
			buildSettings = {
				ALWAYS_SEARCH_USER_PATHS = NO;
				CLANG_ANALYZER_NONNULL = YES;
				CLANG_ANALYZER_NUMBER_OBJECT_CONVERSION = YES_AGGRESSIVE;
				CLANG_CXX_LANGUAGE_STANDARD = "gnu++20";
				CLANG_ENABLE_MODULES = YES;
				CLANG_ENABLE_OBJC_ARC = YES;
				CLANG_ENABLE_OBJC_WEAK = YES;
				CLANG_WARN_BLOCK_CAPTURE_AUTORELEASING = YES;
				CLANG_WARN_BOOL_CONVERSION = YES;
				CLANG_WARN_COMMA = YES;
				CLANG_WARN_CONSTANT_CONVERSION = YES;
				CLANG_WARN_DEPRECATED_OBJC_IMPLEMENTATIONS = YES;
				CLANG_WARN_DIRECT_OBJC_ISA_USAGE = YES_ERROR;
				CLANG_WARN_DOCUMENTATION_COMMENTS = YES;
				CLANG_WARN_EMPTY_BODY = YES;
				CLANG_WARN_ENUM_CONVERSION = YES;
				CLANG_WARN_INFINITE_RECURSION = YES;
				CLANG_WARN_INT_CONVERSION = YES;
				CLANG_WARN_NON_LITERAL_NULL_CONVERSION = YES;
				CLANG_WARN_OBJC_IMPLICIT_RETAIN_SELF = YES;
				CLANG_WARN_OBJC_LITERAL_CONVERSION = YES;
				CLANG_WARN_OBJC_ROOT_CLASS = YES_ERROR;
				CLANG_WARN_QUOTED_INCLUDE_IN_FRAMEWORK_HEADER = YES;
				CLANG_WARN_RANGE_LOOP_ANALYSIS = YES;
				CLANG_WARN_STRICT_PROTOTYPES = YES;
				CLANG_WARN_SUSPICIOUS_MOVE = YES;
				CLANG_WARN_UNGUARDED_AVAILABILITY = YES_AGGRESSIVE;
				CLANG_WARN_UNREACHABLE_CODE = YES;
				CLANG_WARN__DUPLICATE_METHOD_MATCH = YES;
				COPY_PHASE_STRIP = NO;
				DEBUG_INFORMATION_FORMAT = "dwarf-with-dsym";
				ENABLE_NS_ASSERTIONS = NO;
				ENABLE_STRICT_OBJC_MSGSEND = YES;
				GCC_C_LANGUAGE_STANDARD = gnu11;
				GCC_NO_COMMON_BLOCKS = YES;
				GCC_WARN_64_TO_32_BIT_CONVERSION = YES;
				GCC_WARN_ABOUT_RETURN_TYPE = YES_ERROR;
				GCC_WARN_UNDECLARED_SELECTOR = YES;
				GCC_WARN_UNINITIALIZED_AUTOS = YES_AGGRESSIVE;
				GCC_WARN_UNUSED_FUNCTION = YES;
				GCC_WARN_UNUSED_VARIABLE = YES;
				IPHONEOS_DEPLOYMENT_TARGET = 16.4;
				MTL_ENABLE_DEBUG_INFO = NO;
				MTL_FAST_MATH = YES;
				SDKROOT = iphoneos;
				SWIFT_COMPILATION_MODE = wholemodule;
				SWIFT_OPTIMIZATION_LEVEL = "-O";
				VALIDATE_PRODUCT = YES;
			};
			name = Release;
		};
		45CBD6592A53A9F700715539 /* Debug */ = {
			isa = XCBuildConfiguration;
			buildSettings = {
				ASSETCATALOG_COMPILER_APPICON_NAME = AppIcon;
				ASSETCATALOG_COMPILER_GLOBAL_ACCENT_COLOR_NAME = AccentColor;
				CODE_SIGN_STYLE = Automatic;
				CURRENT_PROJECT_VERSION = 1;
				DEVELOPMENT_ASSET_PATHS = "\"PlankTimer/Preview Content\"";
				DEVELOPMENT_TEAM = DCJ6266V2N;
				ENABLE_PREVIEWS = YES;
				GENERATE_INFOPLIST_FILE = YES;
				INFOPLIST_KEY_UIApplicationSceneManifest_Generation = YES;
				INFOPLIST_KEY_UIApplicationSupportsIndirectInputEvents = YES;
				INFOPLIST_KEY_UILaunchScreen_Generation = YES;
				INFOPLIST_KEY_UISupportedInterfaceOrientations_iPad = "UIInterfaceOrientationPortrait UIInterfaceOrientationPortraitUpsideDown UIInterfaceOrientationLandscapeLeft UIInterfaceOrientationLandscapeRight";
				INFOPLIST_KEY_UISupportedInterfaceOrientations_iPhone = "UIInterfaceOrientationPortrait UIInterfaceOrientationLandscapeLeft UIInterfaceOrientationLandscapeRight";
				LD_RUNPATH_SEARCH_PATHS = (
					"$(inherited)",
					"@executable_path/Frameworks",
				);
				MARKETING_VERSION = 1.0;
				PRODUCT_BUNDLE_IDENTIFIER = com.jasjs.PlankTimer;
				PRODUCT_NAME = "$(TARGET_NAME)";
				SWIFT_EMIT_LOC_STRINGS = YES;
				SWIFT_VERSION = 5.0;
				TARGETED_DEVICE_FAMILY = "1,2";
			};
			name = Debug;
		};
		45CBD65A2A53A9F700715539 /* Release */ = {
			isa = XCBuildConfiguration;
			buildSettings = {
				ASSETCATALOG_COMPILER_APPICON_NAME = AppIcon;
				ASSETCATALOG_COMPILER_GLOBAL_ACCENT_COLOR_NAME = AccentColor;
				CODE_SIGN_STYLE = Automatic;
				CURRENT_PROJECT_VERSION = 1;
				DEVELOPMENT_ASSET_PATHS = "\"PlankTimer/Preview Content\"";
				DEVELOPMENT_TEAM = DCJ6266V2N;
				ENABLE_PREVIEWS = YES;
				GENERATE_INFOPLIST_FILE = YES;
				INFOPLIST_KEY_UIApplicationSceneManifest_Generation = YES;
				INFOPLIST_KEY_UIApplicationSupportsIndirectInputEvents = YES;
				INFOPLIST_KEY_UILaunchScreen_Generation = YES;
				INFOPLIST_KEY_UISupportedInterfaceOrientations_iPad = "UIInterfaceOrientationPortrait UIInterfaceOrientationPortraitUpsideDown UIInterfaceOrientationLandscapeLeft UIInterfaceOrientationLandscapeRight";
				INFOPLIST_KEY_UISupportedInterfaceOrientations_iPhone = "UIInterfaceOrientationPortrait UIInterfaceOrientationLandscapeLeft UIInterfaceOrientationLandscapeRight";
				LD_RUNPATH_SEARCH_PATHS = (
					"$(inherited)",
					"@executable_path/Frameworks",
				);
				MARKETING_VERSION = 1.0;
				PRODUCT_BUNDLE_IDENTIFIER = com.jasjs.PlankTimer;
				PRODUCT_NAME = "$(TARGET_NAME)";
				SWIFT_EMIT_LOC_STRINGS = YES;
				SWIFT_VERSION = 5.0;
				TARGETED_DEVICE_FAMILY = "1,2";
			};
			name = Release;
		};
		45CBD65C2A53A9F700715539 /* Debug */ = {
			isa = XCBuildConfiguration;
			buildSettings = {
				ALWAYS_EMBED_SWIFT_STANDARD_LIBRARIES = YES;
				BUNDLE_LOADER = "$(TEST_HOST)";
				CODE_SIGN_STYLE = Automatic;
				CURRENT_PROJECT_VERSION = 1;
				DEVELOPMENT_TEAM = DCJ6266V2N;
				GENERATE_INFOPLIST_FILE = YES;
				IPHONEOS_DEPLOYMENT_TARGET = 16.4;
				MARKETING_VERSION = 1.0;
				PRODUCT_BUNDLE_IDENTIFIER = com.jasjs.PlankTimerTests;
				PRODUCT_NAME = "$(TARGET_NAME)";
				SWIFT_EMIT_LOC_STRINGS = NO;
				SWIFT_VERSION = 5.0;
				TARGETED_DEVICE_FAMILY = "1,2";
				TEST_HOST = "$(BUILT_PRODUCTS_DIR)/PlankTimer.app/$(BUNDLE_EXECUTABLE_FOLDER_PATH)/PlankTimer";
			};
			name = Debug;
		};
		45CBD65D2A53A9F700715539 /* Release */ = {
			isa = XCBuildConfiguration;
			buildSettings = {
				ALWAYS_EMBED_SWIFT_STANDARD_LIBRARIES = YES;
				BUNDLE_LOADER = "$(TEST_HOST)";
				CODE_SIGN_STYLE = Automatic;
				CURRENT_PROJECT_VERSION = 1;
				DEVELOPMENT_TEAM = DCJ6266V2N;
				GENERATE_INFOPLIST_FILE = YES;
				IPHONEOS_DEPLOYMENT_TARGET = 16.4;
				MARKETING_VERSION = 1.0;
				PRODUCT_BUNDLE_IDENTIFIER = com.jasjs.PlankTimerTests;
				PRODUCT_NAME = "$(TARGET_NAME)";
				SWIFT_EMIT_LOC_STRINGS = NO;
				SWIFT_VERSION = 5.0;
				TARGETED_DEVICE_FAMILY = "1,2";
				TEST_HOST = "$(BUILT_PRODUCTS_DIR)/PlankTimer.app/$(BUNDLE_EXECUTABLE_FOLDER_PATH)/PlankTimer";
			};
			name = Release;
		};
		45CBD65F2A53A9F700715539 /* Debug */ = {
			isa = XCBuildConfiguration;
			buildSettings = {
				ALWAYS_EMBED_SWIFT_STANDARD_LIBRARIES = YES;
				CODE_SIGN_STYLE = Automatic;
				CURRENT_PROJECT_VERSION = 1;
				DEVELOPMENT_TEAM = DCJ6266V2N;
				GENERATE_INFOPLIST_FILE = YES;
				MARKETING_VERSION = 1.0;
				PRODUCT_BUNDLE_IDENTIFIER = com.jasjs.PlankTimerUITests;
				PRODUCT_NAME = "$(TARGET_NAME)";
				SWIFT_EMIT_LOC_STRINGS = NO;
				SWIFT_VERSION = 5.0;
				TARGETED_DEVICE_FAMILY = "1,2";
				TEST_TARGET_NAME = PlankTimer;
			};
			name = Debug;
		};
		45CBD6602A53A9F700715539 /* Release */ = {
			isa = XCBuildConfiguration;
			buildSettings = {
				ALWAYS_EMBED_SWIFT_STANDARD_LIBRARIES = YES;
				CODE_SIGN_STYLE = Automatic;
				CURRENT_PROJECT_VERSION = 1;
				DEVELOPMENT_TEAM = DCJ6266V2N;
				GENERATE_INFOPLIST_FILE = YES;
				MARKETING_VERSION = 1.0;
				PRODUCT_BUNDLE_IDENTIFIER = com.jasjs.PlankTimerUITests;
				PRODUCT_NAME = "$(TARGET_NAME)";
				SWIFT_EMIT_LOC_STRINGS = NO;
				SWIFT_VERSION = 5.0;
				TARGETED_DEVICE_FAMILY = "1,2";
				TEST_TARGET_NAME = PlankTimer;
			};
			name = Release;
		};
/* End XCBuildConfiguration section */

/* Begin XCConfigurationList section */
		45CBD62F2A53A9F500715539 /* Build configuration list for PBXProject "PlankTimer" */ = {
			isa = XCConfigurationList;
			buildConfigurations = (
				45CBD6562A53A9F700715539 /* Debug */,
				45CBD6572A53A9F700715539 /* Release */,
			);
			defaultConfigurationIsVisible = 0;
			defaultConfigurationName = Release;
		};
		45CBD6582A53A9F700715539 /* Build configuration list for PBXNativeTarget "PlankTimer" */ = {
			isa = XCConfigurationList;
			buildConfigurations = (
				45CBD6592A53A9F700715539 /* Debug */,
				45CBD65A2A53A9F700715539 /* Release */,
			);
			defaultConfigurationIsVisible = 0;
			defaultConfigurationName = Release;
		};
		45CBD65B2A53A9F700715539 /* Build configuration list for PBXNativeTarget "PlankTimerTests" */ = {
			isa = XCConfigurationList;
			buildConfigurations = (
				45CBD65C2A53A9F700715539 /* Debug */,
				45CBD65D2A53A9F700715539 /* Release */,
			);
			defaultConfigurationIsVisible = 0;
			defaultConfigurationName = Release;
		};
		45CBD65E2A53A9F700715539 /* Build configuration list for PBXNativeTarget "PlankTimerUITests" */ = {
			isa = XCConfigurationList;
			buildConfigurations = (
				45CBD65F2A53A9F700715539 /* Debug */,
				45CBD6602A53A9F700715539 /* Release */,
			);
			defaultConfigurationIsVisible = 0;
			defaultConfigurationName = Release;
		};
/* End XCConfigurationList section */
	};
	rootObject = 45CBD62C2A53A9F500715539 /* Project object */;
}
